
Microsoft Visual Studio Solution File, Format Version 12.00
# Visual Studio 15
VisualStudioVersion = 15.0.28010.2036
MinimumVisualStudioVersion = 10.0.40219.1
Project("{2150E333-8FDC-42A3-9474-1A3956D46DE8}") = "1- Services", "1- Services", "{AE32434E-27A5-40FF-9A75-B16E0D96CD7F}"
EndProject
Project("{2150E333-8FDC-42A3-9474-1A3956D46DE8}") = "2- Domain", "2- Domain", "{28E7D410-FB58-430B-AE32-485E6041594B}"
EndProject
Project("{2150E333-8FDC-42A3-9474-1A3956D46DE8}") = "3- Infra", "3- Infra", "{24E121CA-C9C4-426F-B5A1-AD063289ABB5}"
EndProject
Project("{2150E333-8FDC-42A3-9474-1A3956D46DE8}") = "3.1- Data", "3.1- Data", "{D78E8C33-3D7E-4DB0-B0F4-B3124B4928C5}"
EndProject
Project("{9A19103F-16F7-4668-BE54-9A1E7A4F7556}") = "Exs.Api", "..\..\src\1- Services\exs.Api\Exs.Api.csproj", "{5A5BD740-EFFF-4A79-971F-03A43F8D5737}"
EndProject
Project("{9A19103F-16F7-4668-BE54-9A1E7A4F7556}") = "Exs.Domain", "..\..\src\2- Domain\exs.Domain\Exs.Domain.csproj", "{D830EF13-B54F-4435-B8D0-2D90AD50EFDF}"
EndProject
Project("{9A19103F-16F7-4668-BE54-9A1E7A4F7556}") = "Exs.Infra.Data", "..\..\src\3- Infra\3.1- Data\Exs.Infra.Data\Exs.Infra.Data.csproj", "{95316810-E1BE-4A3E-BAC3-8CAB29F12D10}"
EndProject
Project("{9A19103F-16F7-4668-BE54-9A1E7A4F7556}") = "Exs.Infra.Identity", "..\..\src\3- Infra\3.2- Identity\Exs.Infra.Identity\Exs.Infra.Identity.csproj", "{26E40446-4AB2-4F3A-9E35-D1B92B18F3DE}"
EndProject
Project("{2150E333-8FDC-42A3-9474-1A3956D46DE8}") = "3.2- Identity", "3.2- Identity", "{A6D7F679-DD37-41A8-8A70-8D75773CAF15}"
EndProject
Project("{2150E333-8FDC-42A3-9474-1A3956D46DE8}") = "3.3- Utils", "3.3- Utils", "{71AD243C-AF41-4BA2-A2E4-05B07DF4B319}"
EndProject
Project("{9A19103F-16F7-4668-BE54-9A1E7A4F7556}") = "Exs.Infra.Utils", "..\..\src\3- Infra\3.3- Utils\Exs.Infra.Utils\Exs.Infra.Utils.csproj", "{CADF30F0-7FFC-4ECD-A92A-33ED657C18AA}"
EndProject
Project("{2150E333-8FDC-42A3-9474-1A3956D46DE8}") = "4- Tests", "4- Tests", "{65D2D2EB-92AE-4C78-9D44-3943EAFAF008}"
EndProject
Project("{FAE04EC0-301F-11D3-BF4B-00C04F79EFBC}") = "Exs.Test.Domain", "..\..\tests\Exs.Test.Domain\Exs.Test.Domain.csproj", "{F70F4E8B-8567-4C4C-ABCA-03B2A99E0095}"
EndProject
Global
	GlobalSection(SolutionConfigurationPlatforms) = preSolution
		ConsumirAPI|Any CPU = ConsumirAPI|Any CPU
		Debug|Any CPU = Debug|Any CPU
		Release|Any CPU = Release|Any CPU
		Tests|Any CPU = Tests|Any CPU
	EndGlobalSection
	GlobalSection(ProjectConfigurationPlatforms) = postSolution
		{5A5BD740-EFFF-4A79-971F-03A43F8D5737}.ConsumirAPI|Any CPU.ActiveCfg = Release|Any CPU
		{5A5BD740-EFFF-4A79-971F-03A43F8D5737}.ConsumirAPI|Any CPU.Build.0 = Release|Any CPU
		{5A5BD740-EFFF-4A79-971F-03A43F8D5737}.Debug|Any CPU.ActiveCfg = Debug|Any CPU
		{5A5BD740-EFFF-4A79-971F-03A43F8D5737}.Debug|Any CPU.Build.0 = Debug|Any CPU
		{5A5BD740-EFFF-4A79-971F-03A43F8D5737}.Release|Any CPU.ActiveCfg = Release|Any CPU
		{5A5BD740-EFFF-4A79-971F-03A43F8D5737}.Release|Any CPU.Build.0 = Release|Any CPU
		{5A5BD740-EFFF-4A79-971F-03A43F8D5737}.Tests|Any CPU.ActiveCfg = Release|Any CPU
		{5A5BD740-EFFF-4A79-971F-03A43F8D5737}.Tests|Any CPU.Build.0 = Release|Any CPU
		{D830EF13-B54F-4435-B8D0-2D90AD50EFDF}.ConsumirAPI|Any CPU.ActiveCfg = Release|Any CPU
		{D830EF13-B54F-4435-B8D0-2D90AD50EFDF}.ConsumirAPI|Any CPU.Build.0 = Release|Any CPU
		{D830EF13-B54F-4435-B8D0-2D90AD50EFDF}.Debug|Any CPU.ActiveCfg = Debug|Any CPU
		{D830EF13-B54F-4435-B8D0-2D90AD50EFDF}.Debug|Any CPU.Build.0 = Debug|Any CPU
		{D830EF13-B54F-4435-B8D0-2D90AD50EFDF}.Release|Any CPU.ActiveCfg = Release|Any CPU
		{D830EF13-B54F-4435-B8D0-2D90AD50EFDF}.Release|Any CPU.Build.0 = Release|Any CPU
		{D830EF13-B54F-4435-B8D0-2D90AD50EFDF}.Tests|Any CPU.ActiveCfg = Release|Any CPU
		{D830EF13-B54F-4435-B8D0-2D90AD50EFDF}.Tests|Any CPU.Build.0 = Release|Any CPU
		{95316810-E1BE-4A3E-BAC3-8CAB29F12D10}.ConsumirAPI|Any CPU.ActiveCfg = Release|Any CPU
		{95316810-E1BE-4A3E-BAC3-8CAB29F12D10}.ConsumirAPI|Any CPU.Build.0 = Release|Any CPU
		{95316810-E1BE-4A3E-BAC3-8CAB29F12D10}.Debug|Any CPU.ActiveCfg = Debug|Any CPU
		{95316810-E1BE-4A3E-BAC3-8CAB29F12D10}.Debug|Any CPU.Build.0 = Debug|Any CPU
		{95316810-E1BE-4A3E-BAC3-8CAB29F12D10}.Release|Any CPU.ActiveCfg = Release|Any CPU
		{95316810-E1BE-4A3E-BAC3-8CAB29F12D10}.Release|Any CPU.Build.0 = Release|Any CPU
		{95316810-E1BE-4A3E-BAC3-8CAB29F12D10}.Tests|Any CPU.ActiveCfg = Release|Any CPU
		{95316810-E1BE-4A3E-BAC3-8CAB29F12D10}.Tests|Any CPU.Build.0 = Release|Any CPU
		{26E40446-4AB2-4F3A-9E35-D1B92B18F3DE}.ConsumirAPI|Any CPU.ActiveCfg = Release|Any CPU
		{26E40446-4AB2-4F3A-9E35-D1B92B18F3DE}.ConsumirAPI|Any CPU.Build.0 = Release|Any CPU
		{26E40446-4AB2-4F3A-9E35-D1B92B18F3DE}.Debug|Any CPU.ActiveCfg = Debug|Any CPU
		{26E40446-4AB2-4F3A-9E35-D1B92B18F3DE}.Debug|Any CPU.Build.0 = Debug|Any CPU
		{26E40446-4AB2-4F3A-9E35-D1B92B18F3DE}.Release|Any CPU.ActiveCfg = Release|Any CPU
		{26E40446-4AB2-4F3A-9E35-D1B92B18F3DE}.Release|Any CPU.Build.0 = Release|Any CPU
		{26E40446-4AB2-4F3A-9E35-D1B92B18F3DE}.Tests|Any CPU.ActiveCfg = Release|Any CPU
		{26E40446-4AB2-4F3A-9E35-D1B92B18F3DE}.Tests|Any CPU.Build.0 = Release|Any CPU
		{CADF30F0-7FFC-4ECD-A92A-33ED657C18AA}.ConsumirAPI|Any CPU.ActiveCfg = Debug|Any CPU
		{CADF30F0-7FFC-4ECD-A92A-33ED657C18AA}.ConsumirAPI|Any CPU.Build.0 = Debug|Any CPU
		{CADF30F0-7FFC-4ECD-A92A-33ED657C18AA}.Debug|Any CPU.ActiveCfg = Debug|Any CPU
		{CADF30F0-7FFC-4ECD-A92A-33ED657C18AA}.Debug|Any CPU.Build.0 = Debug|Any CPU
		{CADF30F0-7FFC-4ECD-A92A-33ED657C18AA}.Release|Any CPU.ActiveCfg = Release|Any CPU
		{CADF30F0-7FFC-4ECD-A92A-33ED657C18AA}.Release|Any CPU.Build.0 = Release|Any CPU
		{CADF30F0-7FFC-4ECD-A92A-33ED657C18AA}.Tests|Any CPU.ActiveCfg = Debug|Any CPU
		{CADF30F0-7FFC-4ECD-A92A-33ED657C18AA}.Tests|Any CPU.Build.0 = Debug|Any CPU
		{F70F4E8B-8567-4C4C-ABCA-03B2A99E0095}.ConsumirAPI|Any CPU.ActiveCfg = Debug|Any CPU
		{F70F4E8B-8567-4C4C-ABCA-03B2A99E0095}.ConsumirAPI|Any CPU.Build.0 = Debug|Any CPU
		{F70F4E8B-8567-4C4C-ABCA-03B2A99E0095}.Debug|Any CPU.ActiveCfg = Debug|Any CPU
		{F70F4E8B-8567-4C4C-ABCA-03B2A99E0095}.Debug|Any CPU.Build.0 = Debug|Any CPU
		{F70F4E8B-8567-4C4C-ABCA-03B2A99E0095}.Release|Any CPU.ActiveCfg = Release|Any CPU
		{F70F4E8B-8567-4C4C-ABCA-03B2A99E0095}.Release|Any CPU.Build.0 = Release|Any CPU
		{F70F4E8B-8567-4C4C-ABCA-03B2A99E0095}.Tests|Any CPU.ActiveCfg = Debug|Any CPU
		{F70F4E8B-8567-4C4C-ABCA-03B2A99E0095}.Tests|Any CPU.Build.0 = Debug|Any CPU
	EndGlobalSection
	GlobalSection(SolutionProperties) = preSolution
		HideSolutionNode = FALSE
	EndGlobalSection
	GlobalSection(NestedProjects) = preSolution
		{D78E8C33-3D7E-4DB0-B0F4-B3124B4928C5} = {24E121CA-C9C4-426F-B5A1-AD063289ABB5}
		{5A5BD740-EFFF-4A79-971F-03A43F8D5737} = {AE32434E-27A5-40FF-9A75-B16E0D96CD7F}
		{D830EF13-B54F-4435-B8D0-2D90AD50EFDF} = {28E7D410-FB58-430B-AE32-485E6041594B}
		{95316810-E1BE-4A3E-BAC3-8CAB29F12D10} = {D78E8C33-3D7E-4DB0-B0F4-B3124B4928C5}
		{26E40446-4AB2-4F3A-9E35-D1B92B18F3DE} = {A6D7F679-DD37-41A8-8A70-8D75773CAF15}
		{A6D7F679-DD37-41A8-8A70-8D75773CAF15} = {24E121CA-C9C4-426F-B5A1-AD063289ABB5}
		{71AD243C-AF41-4BA2-A2E4-05B07DF4B319} = {24E121CA-C9C4-426F-B5A1-AD063289ABB5}
		{CADF30F0-7FFC-4ECD-A92A-33ED657C18AA} = {71AD243C-AF41-4BA2-A2E4-05B07DF4B319}
		{F70F4E8B-8567-4C4C-ABCA-03B2A99E0095} = {65D2D2EB-92AE-4C78-9D44-3943EAFAF008}
	EndGlobalSection
	GlobalSection(ExtensibilityGlobals) = postSolution
		SolutionGuid = {8C41E522-54F4-43EA-A06E-02133DB1FEE2}
	EndGlobalSection
EndGlobal
